{
  "name": "petz-scp-reader",
  "version": "1.0.0",
  "lockfileVersion": 1,
  "requires": true,
  "dependencies": {
    "binary-parser": {
      "version": "1.6.2",
      "resolved": "https://registry.npmjs.org/binary-parser/-/binary-parser-1.6.2.tgz",
      "integrity": "sha512-cYAhKB51A9T/uylDvMK7uAYaPLWLwlferNOpnQ0E0fuO73yPi7kWaWiOm22BvuKxCbggmkiFN0VkuLg6gc+KQQ=="
    }
  }
}
